
Microsoft Visual Studio Solution File, Format Version 12.00
# Visual Studio Version 17
VisualStudioVersion = 17.3.32901.215
MinimumVisualStudioVersion = 10.0.40219.1
Project("{FAE04EC0-301F-11D3-BF4B-00C04F79EFBC}") = "Wpf_1pr", "Wpf_1pr\Wpf_1pr.csproj", "{86A37CB4-D9DA-4B04-A0D4-0A83FA5C91D3}"
EndProject
Global
	GlobalSection(SolutionConfigurationPlatforms) = preSolution
		Debug|Any CPU = Debug|Any CPU
		Release|Any CPU = Release|Any CPU
	EndGlobalSection
	GlobalSection(ProjectConfigurationPlatforms) = postSolution
		{86A37CB4-D9DA-4B04-A0D4-0A83FA5C91D3}.Debug|Any CPU.ActiveCfg = Debug|Any CPU
		{86A37CB4-D9DA-4B04-A0D4-0A83FA5C91D3}.Debug|Any CPU.Build.0 = Debug|Any CPU
		{86A37CB4-D9DA-4B04-A0D4-0A83FA5C91D3}.Release|Any CPU.ActiveCfg = Release|Any CPU
		{86A37CB4-D9DA-4B04-A0D4-0A83FA5C91D3}.Release|Any CPU.Build.0 = Release|Any CPU
	EndGlobalSection
	GlobalSection(SolutionProperties) = preSolution
		HideSolutionNode = FALSE
	EndGlobalSection
	GlobalSection(ExtensibilityGlobals) = postSolution
		SolutionGuid = {22328B47-B3F0-4171-AC18-0D13F43E814B}
	EndGlobalSection
EndGlobal
